// !$*UTF8*$!
{
	archiveVersion = 1;
	classes = {
	};
	objectVersion = 48;
	objects = {

/* Begin PBXBuildFile section */
		8763D685201E001500998F0B /* AppDelegate.swift in Sources */ = {isa = PBXBuildFile; fileRef = 8763D684201E001500998F0B /* AppDelegate.swift */; };
		8763D687201E001500998F0B /* ChecklistViewController.swift in Sources */ = {isa = PBXBuildFile; fileRef = 8763D686201E001500998F0B /* ChecklistViewController.swift */; };
		8763D68A201E001500998F0B /* Main.storyboard in Resources */ = {isa = PBXBuildFile; fileRef = 8763D688201E001500998F0B /* Main.storyboard */; };
		8763D68C201E001500998F0B /* Assets.xcassets in Resources */ = {isa = PBXBuildFile; fileRef = 8763D68B201E001500998F0B /* Assets.xcassets */; };
		8763D68F201E001500998F0B /* LaunchScreen.storyboard in Resources */ = {isa = PBXBuildFile; fileRef = 8763D68D201E001500998F0B /* LaunchScreen.storyboard */; };
		8763D697201E006400998F0B /* Checklist.swift in Sources */ = {isa = PBXBuildFile; fileRef = 8763D696201E006400998F0B /* Checklist.swift */; };
		87720745201EE22800E1B1DA /* ItemDetailViewController.swift in Sources */ = {isa = PBXBuildFile; fileRef = 87720744201EE22800E1B1DA /* ItemDetailViewController.swift */; };
/* End PBXBuildFile section */

/* Begin PBXFileReference section */
		8763D681201E001500998F0B /* Cld.app */ = {isa = PBXFileReference; explicitFileType = wrapper.application; includeInIndex = 0; path = Cld.app; sourceTree = BUILT_PRODUCTS_DIR; };
		8763D684201E001500998F0B /* AppDelegate.swift */ = {isa = PBXFileReference; lastKnownFileType = sourcecode.swift; path = AppDelegate.swift; sourceTree = "<group>"; };
		8763D686201E001500998F0B /* ChecklistViewController.swift */ = {isa = PBXFileReference; lastKnownFileType = sourcecode.swift; path = ChecklistViewController.swift; sourceTree = "<group>"; };
		8763D689201E001500998F0B /* Base */ = {isa = PBXFileReference; lastKnownFileType = file.storyboard; name = Base; path = Base.lproj/Main.storyboard; sourceTree = "<group>"; };
		8763D68B201E001500998F0B /* Assets.xcassets */ = {isa = PBXFileReference; lastKnownFileType = folder.assetcatalog; path = Assets.xcassets; sourceTree = "<group>"; };
		8763D68E201E001500998F0B /* Base */ = {isa = PBXFileReference; lastKnownFileType = file.storyboard; name = Base; path = Base.lproj/LaunchScreen.storyboard; sourceTree = "<group>"; };
		8763D690201E001500998F0B /* Info.plist */ = {isa = PBXFileReference; lastKnownFileType = text.plist.xml; path = Info.plist; sourceTree = "<group>"; };
		8763D696201E006400998F0B /* Checklist.swift */ = {isa = PBXFileReference; lastKnownFileType = sourcecode.swift; path = Checklist.swift; sourceTree = "<group>"; };
		87720744201EE22800E1B1DA /* ItemDetailViewController.swift */ = {isa = PBXFileReference; lastKnownFileType = sourcecode.swift; path = ItemDetailViewController.swift; sourceTree = "<group>"; };
/* End PBXFileReference section */

/* Begin PBXFrameworksBuildPhase section */
		8763D67E201E001500998F0B /* Frameworks */ = {
			isa = PBXFrameworksBuildPhase;
			buildActionMask = 2147483647;
			files = (
			);
			runOnlyForDeploymentPostprocessing = 0;
		};
/* End PBXFrameworksBuildPhase section */

/* Begin PBXGroup section */
		8763D678201E001500998F0B = {
			isa = PBXGroup;
			children = (
				8763D683201E001500998F0B /* Cld */,
				8763D682201E001500998F0B /* Products */,
			);
			sourceTree = "<group>";
		};
		8763D682201E001500998F0B /* Products */ = {
			isa = PBXGroup;
			children = (
				8763D681201E001500998F0B /* Cld.app */,
			);
			name = Products;
			sourceTree = "<group>";
		};
		8763D683201E001500998F0B /* Cld */ = {
			isa = PBXGroup;
			children = (
				87720746201EE25000E1B1DA /* ViewControllers */,
				8763D684201E001500998F0B /* AppDelegate.swift */,
				8763D688201E001500998F0B /* Main.storyboard */,
				8763D696201E006400998F0B /* Checklist.swift */,
				8763D68B201E001500998F0B /* Assets.xcassets */,
				8763D68D201E001500998F0B /* LaunchScreen.storyboard */,
				8763D690201E001500998F0B /* Info.plist */,
			);
			path = Cld;
			sourceTree = "<group>";
		};
		87720746201EE25000E1B1DA /* ViewControllers */ = {
			isa = PBXGroup;
			children = (
				8763D686201E001500998F0B /* ChecklistViewController.swift */,
				87720744201EE22800E1B1DA /* ItemDetailViewController.swift */,
			);
			path = ViewControllers;
			sourceTree = "<group>";
		};
/* End PBXGroup section */

/* Begin PBXNativeTarget section */
		8763D680201E001500998F0B /* Cld */ = {
			isa = PBXNativeTarget;
			buildConfigurationList = 8763D693201E001500998F0B /* Build configuration list for PBXNativeTarget "Cld" */;
			buildPhases = (
				8763D67D201E001500998F0B /* Sources */,
				8763D67E201E001500998F0B /* Frameworks */,
				8763D67F201E001500998F0B /* Resources */,
			);
			buildRules = (
			);
			dependencies = (
			);
			name = Cld;
			productName = Cld;
			productReference = 8763D681201E001500998F0B /* Cld.app */;
			productType = "com.apple.product-type.application";
		};
/* End PBXNativeTarget section */

/* Begin PBXProject section */
		8763D679201E001500998F0B /* Project object */ = {
			isa = PBXProject;
			attributes = {
				LastSwiftUpdateCheck = 0920;
				LastUpgradeCheck = 0920;
				ORGANIZATIONNAME = "Shishir P";
				TargetAttributes = {
					8763D680201E001500998F0B = {
						CreatedOnToolsVersion = 9.2;
						ProvisioningStyle = Automatic;
					};
				};
			};
			buildConfigurationList = 8763D67C201E001500998F0B /* Build configuration list for PBXProject "Cld" */;
			compatibilityVersion = "Xcode 8.0";
			developmentRegion = en;
			hasScannedForEncodings = 0;
			knownRegions = (
				en,
				Base,
			);
			mainGroup = 8763D678201E001500998F0B;
			productRefGroup = 8763D682201E001500998F0B /* Products */;
			projectDirPath = "";
			projectRoot = "";
			targets = (
				8763D680201E001500998F0B /* Cld */,
			);
		};
/* End PBXProject section */

/* Begin PBXResourcesBuildPhase section */
		8763D67F201E001500998F0B /* Resources */ = {
			isa = PBXResourcesBuildPhase;
			buildActionMask = 2147483647;
			files = (
				8763D68F201E001500998F0B /* LaunchScreen.storyboard in Resources */,
				8763D68C201E001500998F0B /* Assets.xcassets in Resources */,
				8763D68A201E001500998F0B /* Main.storyboard in Resources */,
			);
			runOnlyForDeploymentPostprocessing = 0;
		};
/* End PBXResourcesBuildPhase section */

/* Begin PBXSourcesBuildPhase section */
		8763D67D201E001500998F0B /* Sources */ = {
			isa = PBXSourcesBuildPhase;
			buildActionMask = 2147483647;
			files = (
				8763D687201E001500998F0B /* ChecklistViewController.swift in Sources */,
				8763D685201E001500998F0B /* AppDelegate.swift in Sources */,
				87720745201EE22800E1B1DA /* ItemDetailViewController.swift in Sources */,
				8763D697201E006400998F0B /* Checklist.swift in Sources */,
			);
			runOnlyForDeploymentPostprocessing = 0;
		};
/* End PBXSourcesBuildPhase section */

/* Begin PBXVariantGroup section */
		8763D688201E001500998F0B /* Main.storyboard */ = {
			isa = PBXVariantGroup;
			children = (
				8763D689201E001500998F0B /* Base */,
			);
			name = Main.storyboard;
			sourceTree = "<group>";
		};
		8763D68D201E001500998F0B /* LaunchScreen.storyboard */ = {
			isa = PBXVariantGroup;
			children = (
				8763D68E201E001500998F0B /* Base */,
			);
			name = LaunchScreen.storyboard;
			sourceTree = "<group>";
		};
/* End PBXVariantGroup section */

/* Begin XCBuildConfiguration section */
		8763D691201E001500998F0B /* Debug */ = {
			isa = XCBuildConfiguration;
			buildSettings = {
				ALWAYS_SEARCH_USER_PATHS = NO;
				CLANG_ANALYZER_NONNULL = YES;
				CLANG_ANALYZER_NUMBER_OBJECT_CONVERSION = YES_AGGRESSIVE;
				CLANG_CXX_LANGUAGE_STANDARD = "gnu++14";
				CLANG_CXX_LIBRARY = "libc++";
				CLANG_ENABLE_MODULES = YES;
				CLANG_ENABLE_OBJC_ARC = YES;
				CLANG_WARN_BLOCK_CAPTURE_AUTORELEASING = YES;
				CLANG_WARN_BOOL_CONVERSION = YES;
				CLANG_WARN_COMMA = YES;
				CLANG_WARN_CONSTANT_CONVERSION = YES;
				CLANG_WARN_DIRECT_OBJC_ISA_USAGE = YES_ERROR;
				CLANG_WARN_DOCUMENTATION_COMMENTS = YES;
				CLANG_WARN_EMPTY_BODY = YES;
				CLANG_WARN_ENUM_CONVERSION = YES;
				CLANG_WARN_INFINITE_RECURSION = YES;
				CLANG_WARN_INT_CONVERSION = YES;
				CLANG_WARN_NON_LITERAL_NULL_CONVERSION = YES;
				CLANG_WARN_OBJC_LITERAL_CONVERSION = YES;
				CLANG_WARN_OBJC_ROOT_CLASS = YES_ERROR;
				CLANG_WARN_RANGE_LOOP_ANALYSIS = YES;
				CLANG_WARN_STRICT_PROTOTYPES = YES;
				CLANG_WARN_SUSPICIOUS_MOVE = YES;
				CLANG_WARN_UNGUARDED_AVAILABILITY = YES_AGGRESSIVE;
				CLANG_WARN_UNREACHABLE_CODE = YES;
				CLANG_WARN__DUPLICATE_METHOD_MATCH = YES;
				CODE_SIGN_IDENTITY = "iPhone Developer";
				COPY_PHASE_STRIP = NO;
				DEBUG_INFORMATION_FORMAT = dwarf;
				ENABLE_STRICT_OBJC_MSGSEND = YES;
				ENABLE_TESTABILITY = YES;
				GCC_C_LANGUAGE_STANDARD = gnu11;
				GCC_DYNAMIC_NO_PIC = NO;
				GCC_NO_COMMON_BLOCKS = YES;
				GCC_OPTIMIZATION_LEVEL = 0;
				GCC_PREPROCESSOR_DEFINITIONS = (
					"DEBUG=1",
					"$(inherited)",
				);
				GCC_WARN_64_TO_32_BIT_CONVERSION = YES;
				GCC_WARN_ABOUT_RETURN_TYPE = YES_ERROR;
				GCC_WARN_UNDECLARED_SELECTOR = YES;
				GCC_WARN_UNINITIALIZED_AUTOS = YES_AGGRESSIVE;
				GCC_WARN_UNUSED_FUNCTION = YES;
				GCC_WARN_UNUSED_VARIABLE = YES;
				IPHONEOS_DEPLOYMENT_TARGET = 11.2;
				MTL_ENABLE_DEBUG_INFO = YES;
				ONLY_ACTIVE_ARCH = YES;
				SDKROOT = iphoneos;
				SWIFT_ACTIVE_COMPILATION_CONDITIONS = DEBUG;
				SWIFT_OPTIMIZATION_LEVEL = "-Onone";
			};
			name = Debug;
		};
		8763D692201E001500998F0B /* Release */ = {
			isa = XCBuildConfiguration;
			buildSettings = {
				ALWAYS_SEARCH_USER_PATHS = NO;
				CLANG_ANALYZER_NONNULL = YES;
				CLANG_ANALYZER_NUMBER_OBJECT_CONVERSION = YES_AGGRESSIVE;
				CLANG_CXX_LANGUAGE_STANDARD = "gnu++14";
				CLANG_CXX_LIBRARY = "libc++";
				CLANG_ENABLE_MODULES = YES;
				CLANG_ENABLE_OBJC_ARC = YES;
				CLANG_WARN_BLOCK_CAPTURE_AUTORELEASING = YES;
				CLANG_WARN_BOOL_CONVERSION = YES;
				CLANG_WARN_COMMA = YES;
				CLANG_WARN_CONSTANT_CONVERSION = YES;
				CLANG_WARN_DIRECT_OBJC_ISA_USAGE = YES_ERROR;
				CLANG_WARN_DOCUMENTATION_COMMENTS = YES;
				CLANG_WARN_EMPTY_BODY = YES;
				CLANG_WARN_ENUM_CONVERSION = YES;
				CLANG_WARN_INFINITE_RECURSION = YES;
				CLANG_WARN_INT_CONVERSION = YES;
				CLANG_WARN_NON_LITERAL_NULL_CONVERSION = YES;
				CLANG_WARN_OBJC_LITERAL_CONVERSION = YES;
				CLANG_WARN_OBJC_ROOT_CLASS = YES_ERROR;
				CLANG_WARN_RANGE_LOOP_ANALYSIS = YES;
				CLANG_WARN_STRICT_PROTOTYPES = YES;
				CLANG_WARN_SUSPICIOUS_MOVE = YES;
				CLANG_WARN_UNGUARDED_AVAILABILITY = YES_AGGRESSIVE;
				CLANG_WARN_UNREACHABLE_CODE = YES;
				CLANG_WARN__DUPLICATE_METHOD_MATCH = YES;
				CODE_SIGN_IDENTITY = "iPhone Developer";
				COPY_PHASE_STRIP = NO;
				DEBUG_INFORMATION_FORMAT = "dwarf-with-dsym";
				ENABLE_NS_ASSERTIONS = NO;
				ENABLE_STRICT_OBJC_MSGSEND = YES;
				GCC_C_LANGUAGE_STANDARD = gnu11;
				GCC_NO_COMMON_BLOCKS = YES;
				GCC_WARN_64_TO_32_BIT_CONVERSION = YES;
				GCC_WARN_ABOUT_RETURN_TYPE = YES_ERROR;
				GCC_WARN_UNDECLARED_SELECTOR = YES;
				GCC_WARN_UNINITIALIZED_AUTOS = YES_AGGRESSIVE;
				GCC_WARN_UNUSED_FUNCTION = YES;
				GCC_WARN_UNUSED_VARIABLE = YES;
				IPHONEOS_DEPLOYMENT_TARGET = 11.2;
				MTL_ENABLE_DEBUG_INFO = NO;
				SDKROOT = iphoneos;
				SWIFT_OPTIMIZATION_LEVEL = "-Owholemodule";
				VALIDATE_PRODUCT = YES;
			};
			name = Release;
		};
		8763D694201E001500998F0B /* Debug */ = {
			isa = XCBuildConfiguration;
			buildSettings = {
				ASSETCATALOG_COMPILER_APPICON_NAME = AppIcon;
				CODE_SIGN_STYLE = Automatic;
				DEVELOPMENT_TEAM = 6F7KKNDGX5;
				INFOPLIST_FILE = Cld/Info.plist;
				LD_RUNPATH_SEARCH_PATHS = "$(inherited) @executable_path/Frameworks";
				PRODUCT_BUNDLE_IDENTIFIER = com.Shishir.Cld;
				PRODUCT_NAME = "$(TARGET_NAME)";
				SWIFT_VERSION = 4.0;
				TARGETED_DEVICE_FAMILY = "1,2";
			};
			name = Debug;
		};
		8763D695201E001500998F0B /* Release */ = {
			isa = XCBuildConfiguration;
			buildSettings = {
				ASSETCATALOG_COMPILER_APPICON_NAME = AppIcon;
				CODE_SIGN_STYLE = Automatic;
				DEVELOPMENT_TEAM = 6F7KKNDGX5;
				INFOPLIST_FILE = Cld/Info.plist;
				LD_RUNPATH_SEARCH_PATHS = "$(inherited) @executable_path/Frameworks";
				PRODUCT_BUNDLE_IDENTIFIER = com.Shishir.Cld;
				PRODUCT_NAME = "$(TARGET_NAME)";
				SWIFT_VERSION = 4.0;
				TARGETED_DEVICE_FAMILY = "1,2";
			};
			name = Release;
		};
/* End XCBuildConfiguration section */

/* Begin XCConfigurationList section */
		8763D67C201E001500998F0B /* Build configuration list for PBXProject "Cld" */ = {
			isa = XCConfigurationList;
			buildConfigurations = (
				8763D691201E001500998F0B /* Debug */,
				8763D692201E001500998F0B /* Release */,
			);
			defaultConfigurationIsVisible = 0;
			defaultConfigurationName = Release;
		};
		8763D693201E001500998F0B /* Build configuration list for PBXNativeTarget "Cld" */ = {
			isa = XCConfigurationList;
			buildConfigurations = (
				8763D694201E001500998F0B /* Debug */,
				8763D695201E001500998F0B /* Release */,
			);
			defaultConfigurationIsVisible = 0;
			defaultConfigurationName = Release;
		};
/* End XCConfigurationList section */
	};
	rootObject = 8763D679201E001500998F0B /* Project object */;
}
